// !$*UTF8*$!
{
	archiveVersion = 1;
	classes = {
	};
	objectVersion = 56;
	objects = {

/* Begin PBXBuildFile section */
		68179A932BE2324F006F05C9 /* SectionBar.swift in Sources */ = {isa = PBXBuildFile; fileRef = 68179A922BE2324F006F05C9 /* SectionBar.swift */; };
		68179A972BE23299006F05C9 /* BeatitudoMediaView.swift in Sources */ = {isa = PBXBuildFile; fileRef = 68179A962BE23299006F05C9 /* BeatitudoMediaView.swift */; };
		6850A3D12BE33459007C4F56 /* GlobalAssets.swift in Sources */ = {isa = PBXBuildFile; fileRef = 6850A3D02BE33459007C4F56 /* GlobalAssets.swift */; };
		687340C02BE9054C00D65B86 /* ArticleComment.swift in Sources */ = {isa = PBXBuildFile; fileRef = 687340BF2BE9054C00D65B86 /* ArticleComment.swift */; };
		6886FB752BE4A30300007CD9 /* ArticleAuxiliaryDataBar.swift in Sources */ = {isa = PBXBuildFile; fileRef = 6886FB742BE4A30300007CD9 /* ArticleAuxiliaryDataBar.swift */; };
		6886FB772BE4AA2700007CD9 /* ArticleMetadataView.swift in Sources */ = {isa = PBXBuildFile; fileRef = 6886FB762BE4AA2700007CD9 /* ArticleMetadataView.swift */; };
		6886FB7B2BE4CCBD00007CD9 /* ArticleViewModel.swift in Sources */ = {isa = PBXBuildFile; fileRef = 6886FB7A2BE4CCBD00007CD9 /* ArticleViewModel.swift */; };
		6886FB7D2BE4DBF200007CD9 /* ArticleAPIServices.swift in Sources */ = {isa = PBXBuildFile; fileRef = 6886FB7C2BE4DBF200007CD9 /* ArticleAPIServices.swift */; };
		6886FB7F2BE4DEB000007CD9 /* ArticleMetadata.swift in Sources */ = {isa = PBXBuildFile; fileRef = 6886FB7E2BE4DEB000007CD9 /* ArticleMetadata.swift */; };
		6886FB812BE4DEC600007CD9 /* ArticleAuxiliaryData.swift in Sources */ = {isa = PBXBuildFile; fileRef = 6886FB802BE4DEC600007CD9 /* ArticleAuxiliaryData.swift */; };
		6886FB852BE4E64900007CD9 /* ArticleMetadataViewModel.swift in Sources */ = {isa = PBXBuildFile; fileRef = 6886FB842BE4E64900007CD9 /* ArticleMetadataViewModel.swift */; };
		6886FB882BE4E65B00007CD9 /* ArticleAuxiliaryDataViewModel.swift in Sources */ = {isa = PBXBuildFile; fileRef = 6886FB872BE4E65B00007CD9 /* ArticleAuxiliaryDataViewModel.swift */; };
		688C8E342BE9DC930021BFEA /* BeatitudoMediaViewModel.swift in Sources */ = {isa = PBXBuildFile; fileRef = 688C8E332BE9DC930021BFEA /* BeatitudoMediaViewModel.swift */; };
		688C8E382BE9E3280021BFEA /* SectionViewModel.swift in Sources */ = {isa = PBXBuildFile; fileRef = 688C8E372BE9E3280021BFEA /* SectionViewModel.swift */; };
		688C8E3E2BE9E5CF0021BFEA /* SectionBarViewModel.swift in Sources */ = {isa = PBXBuildFile; fileRef = 688C8E3D2BE9E5CF0021BFEA /* SectionBarViewModel.swift */; };
		6894DC622BE1EFE2001B9484 /* BeatitudoMediaSplashView.swift in Sources */ = {isa = PBXBuildFile; fileRef = 6894DC612BE1EFE2001B9484 /* BeatitudoMediaSplashView.swift */; };
		68A03C802BE3D95500459F2C /* Article.swift in Sources */ = {isa = PBXBuildFile; fileRef = 68A03C7F2BE3D95500459F2C /* Article.swift */; };
		68CAF60F2BE63F8100DD3E05 /* WebView.swift in Sources */ = {isa = PBXBuildFile; fileRef = 68CAF60E2BE63F8100DD3E05 /* WebView.swift */; };
		68EB0E4F2BE3DFA600DBA3C3 /* ArticleView.swift in Sources */ = {isa = PBXBuildFile; fileRef = 68EB0E4E2BE3DFA600DBA3C3 /* ArticleView.swift */; };
		68EB0E522BE3E2E300DBA3C3 /* APIServices.swift in Sources */ = {isa = PBXBuildFile; fileRef = 68EB0E512BE3E2E300DBA3C3 /* APIServices.swift */; };
		68F230EF2BE1294C003A27B5 /* BeatitudoMediaApp.swift in Sources */ = {isa = PBXBuildFile; fileRef = 68F230EE2BE1294C003A27B5 /* BeatitudoMediaApp.swift */; };
		68F230F32BE1294E003A27B5 /* Assets.xcassets in Resources */ = {isa = PBXBuildFile; fileRef = 68F230F22BE1294E003A27B5 /* Assets.xcassets */; };
		68F230F62BE1294E003A27B5 /* Preview Assets.xcassets in Resources */ = {isa = PBXBuildFile; fileRef = 68F230F52BE1294E003A27B5 /* Preview Assets.xcassets */; };
		68F231002BE1294E003A27B5 /* BeatitudoMediaTests.swift in Sources */ = {isa = PBXBuildFile; fileRef = 68F230FF2BE1294E003A27B5 /* BeatitudoMediaTests.swift */; };
		68F2310A2BE1294E003A27B5 /* BeatitudoMediaUITests.swift in Sources */ = {isa = PBXBuildFile; fileRef = 68F231092BE1294E003A27B5 /* BeatitudoMediaUITests.swift */; };
		68F2310C2BE1294E003A27B5 /* BeatitudoMediaUITestsLaunchTests.swift in Sources */ = {isa = PBXBuildFile; fileRef = 68F2310B2BE1294E003A27B5 /* BeatitudoMediaUITestsLaunchTests.swift */; };
		68F2311B2BE12A1D003A27B5 /* SectionView.swift in Sources */ = {isa = PBXBuildFile; fileRef = 68F2311A2BE12A1D003A27B5 /* SectionView.swift */; };
		68F231292BE138A5003A27B5 /* Section.swift in Sources */ = {isa = PBXBuildFile; fileRef = 68F231282BE138A5003A27B5 /* Section.swift */; };
/* End PBXBuildFile section */

/* Begin PBXContainerItemProxy section */
		68F230FC2BE1294E003A27B5 /* PBXContainerItemProxy */ = {
			isa = PBXContainerItemProxy;
			containerPortal = 68F230E32BE1294C003A27B5 /* Project object */;
			proxyType = 1;
			remoteGlobalIDString = 68F230EA2BE1294C003A27B5;
			remoteInfo = BeatitudoMedia;
		};
		68F231062BE1294E003A27B5 /* PBXContainerItemProxy */ = {
			isa = PBXContainerItemProxy;
			containerPortal = 68F230E32BE1294C003A27B5 /* Project object */;
			proxyType = 1;
			remoteGlobalIDString = 68F230EA2BE1294C003A27B5;
			remoteInfo = BeatitudoMedia;
		};
/* End PBXContainerItemProxy section */

/* Begin PBXFileReference section */
		68179A922BE2324F006F05C9 /* SectionBar.swift */ = {isa = PBXFileReference; lastKnownFileType = sourcecode.swift; path = SectionBar.swift; sourceTree = "<group>"; };
		68179A962BE23299006F05C9 /* BeatitudoMediaView.swift */ = {isa = PBXFileReference; lastKnownFileType = sourcecode.swift; path = BeatitudoMediaView.swift; sourceTree = "<group>"; };
		6850A3D02BE33459007C4F56 /* GlobalAssets.swift */ = {isa = PBXFileReference; lastKnownFileType = sourcecode.swift; path = GlobalAssets.swift; sourceTree = "<group>"; };
		687340BF2BE9054C00D65B86 /* ArticleComment.swift */ = {isa = PBXFileReference; lastKnownFileType = sourcecode.swift; path = ArticleComment.swift; sourceTree = "<group>"; };
		6886FB742BE4A30300007CD9 /* ArticleAuxiliaryDataBar.swift */ = {isa = PBXFileReference; lastKnownFileType = sourcecode.swift; path = ArticleAuxiliaryDataBar.swift; sourceTree = "<group>"; };
		6886FB762BE4AA2700007CD9 /* ArticleMetadataView.swift */ = {isa = PBXFileReference; lastKnownFileType = sourcecode.swift; path = ArticleMetadataView.swift; sourceTree = "<group>"; };
		6886FB7A2BE4CCBD00007CD9 /* ArticleViewModel.swift */ = {isa = PBXFileReference; lastKnownFileType = sourcecode.swift; path = ArticleViewModel.swift; sourceTree = "<group>"; };
		6886FB7C2BE4DBF200007CD9 /* ArticleAPIServices.swift */ = {isa = PBXFileReference; lastKnownFileType = sourcecode.swift; path = ArticleAPIServices.swift; sourceTree = "<group>"; };
		6886FB7E2BE4DEB000007CD9 /* ArticleMetadata.swift */ = {isa = PBXFileReference; lastKnownFileType = sourcecode.swift; path = ArticleMetadata.swift; sourceTree = "<group>"; };
		6886FB802BE4DEC600007CD9 /* ArticleAuxiliaryData.swift */ = {isa = PBXFileReference; lastKnownFileType = sourcecode.swift; path = ArticleAuxiliaryData.swift; sourceTree = "<group>"; };
		6886FB842BE4E64900007CD9 /* ArticleMetadataViewModel.swift */ = {isa = PBXFileReference; lastKnownFileType = sourcecode.swift; path = ArticleMetadataViewModel.swift; sourceTree = "<group>"; };
		6886FB872BE4E65B00007CD9 /* ArticleAuxiliaryDataViewModel.swift */ = {isa = PBXFileReference; lastKnownFileType = sourcecode.swift; path = ArticleAuxiliaryDataViewModel.swift; sourceTree = "<group>"; };
		688C8E332BE9DC930021BFEA /* BeatitudoMediaViewModel.swift */ = {isa = PBXFileReference; lastKnownFileType = sourcecode.swift; path = BeatitudoMediaViewModel.swift; sourceTree = "<group>"; };
		688C8E372BE9E3280021BFEA /* SectionViewModel.swift */ = {isa = PBXFileReference; lastKnownFileType = sourcecode.swift; path = SectionViewModel.swift; sourceTree = "<group>"; };
		688C8E3D2BE9E5CF0021BFEA /* SectionBarViewModel.swift */ = {isa = PBXFileReference; lastKnownFileType = sourcecode.swift; path = SectionBarViewModel.swift; sourceTree = "<group>"; };
		6894DC612BE1EFE2001B9484 /* BeatitudoMediaSplashView.swift */ = {isa = PBXFileReference; lastKnownFileType = sourcecode.swift; path = BeatitudoMediaSplashView.swift; sourceTree = "<group>"; };
		68A03C7F2BE3D95500459F2C /* Article.swift */ = {isa = PBXFileReference; lastKnownFileType = sourcecode.swift; path = Article.swift; sourceTree = "<group>"; };
		68CAF60E2BE63F8100DD3E05 /* WebView.swift */ = {isa = PBXFileReference; lastKnownFileType = sourcecode.swift; path = WebView.swift; sourceTree = "<group>"; };
		68EB0E4E2BE3DFA600DBA3C3 /* ArticleView.swift */ = {isa = PBXFileReference; lastKnownFileType = sourcecode.swift; path = ArticleView.swift; sourceTree = "<group>"; };
		68EB0E512BE3E2E300DBA3C3 /* APIServices.swift */ = {isa = PBXFileReference; lastKnownFileType = sourcecode.swift; path = APIServices.swift; sourceTree = "<group>"; };
		68F230EB2BE1294C003A27B5 /* BeatitudoMedia.app */ = {isa = PBXFileReference; explicitFileType = wrapper.application; includeInIndex = 0; path = BeatitudoMedia.app; sourceTree = BUILT_PRODUCTS_DIR; };
		68F230EE2BE1294C003A27B5 /* BeatitudoMediaApp.swift */ = {isa = PBXFileReference; lastKnownFileType = sourcecode.swift; path = BeatitudoMediaApp.swift; sourceTree = "<group>"; };
		68F230F22BE1294E003A27B5 /* Assets.xcassets */ = {isa = PBXFileReference; lastKnownFileType = folder.assetcatalog; path = Assets.xcassets; sourceTree = "<group>"; };
		68F230F52BE1294E003A27B5 /* Preview Assets.xcassets */ = {isa = PBXFileReference; lastKnownFileType = folder.assetcatalog; path = "Preview Assets.xcassets"; sourceTree = "<group>"; };
		68F230FB2BE1294E003A27B5 /* BeatitudoMediaTests.xctest */ = {isa = PBXFileReference; explicitFileType = wrapper.cfbundle; includeInIndex = 0; path = BeatitudoMediaTests.xctest; sourceTree = BUILT_PRODUCTS_DIR; };
		68F230FF2BE1294E003A27B5 /* BeatitudoMediaTests.swift */ = {isa = PBXFileReference; lastKnownFileType = sourcecode.swift; path = BeatitudoMediaTests.swift; sourceTree = "<group>"; };
		68F231052BE1294E003A27B5 /* BeatitudoMediaUITests.xctest */ = {isa = PBXFileReference; explicitFileType = wrapper.cfbundle; includeInIndex = 0; path = BeatitudoMediaUITests.xctest; sourceTree = BUILT_PRODUCTS_DIR; };
		68F231092BE1294E003A27B5 /* BeatitudoMediaUITests.swift */ = {isa = PBXFileReference; lastKnownFileType = sourcecode.swift; path = BeatitudoMediaUITests.swift; sourceTree = "<group>"; };
		68F2310B2BE1294E003A27B5 /* BeatitudoMediaUITestsLaunchTests.swift */ = {isa = PBXFileReference; lastKnownFileType = sourcecode.swift; path = BeatitudoMediaUITestsLaunchTests.swift; sourceTree = "<group>"; };
		68F2311A2BE12A1D003A27B5 /* SectionView.swift */ = {isa = PBXFileReference; lastKnownFileType = sourcecode.swift; path = SectionView.swift; sourceTree = "<group>"; };
		68F231282BE138A5003A27B5 /* Section.swift */ = {isa = PBXFileReference; lastKnownFileType = sourcecode.swift; path = Section.swift; sourceTree = "<group>"; };
/* End PBXFileReference section */

/* Begin PBXFrameworksBuildPhase section */
		68F230E82BE1294C003A27B5 /* Frameworks */ = {
			isa = PBXFrameworksBuildPhase;
			buildActionMask = 2147483647;
			files = (
			);
			runOnlyForDeploymentPostprocessing = 0;
		};
		68F230F82BE1294E003A27B5 /* Frameworks */ = {
			isa = PBXFrameworksBuildPhase;
			buildActionMask = 2147483647;
			files = (
			);
			runOnlyForDeploymentPostprocessing = 0;
		};
		68F231022BE1294E003A27B5 /* Frameworks */ = {
			isa = PBXFrameworksBuildPhase;
			buildActionMask = 2147483647;
			files = (
			);
			runOnlyForDeploymentPostprocessing = 0;
		};
/* End PBXFrameworksBuildPhase section */

/* Begin PBXGroup section */
		6850A3CF2BE3343E007C4F56 /* Global */ = {
			isa = PBXGroup;
			children = (
				6850A3D02BE33459007C4F56 /* GlobalAssets.swift */,
			);
			path = Global;
			sourceTree = "<group>";
		};
		6886FB722BE491C400007CD9 /* Article */ = {
			isa = PBXGroup;
			children = (
				68EB0E4E2BE3DFA600DBA3C3 /* ArticleView.swift */,
				6886FB7A2BE4CCBD00007CD9 /* ArticleViewModel.swift */,
				6886FB7C2BE4DBF200007CD9 /* ArticleAPIServices.swift */,
				6886FB822BE4E05E00007CD9 /* ArticleMetadata */,
				6886FB832BE4E06900007CD9 /* ArticleAuxiliaryData */,
			);
			path = Article;
			sourceTree = "<group>";
		};
		6886FB732BE491CB00007CD9 /* Section */ = {
			isa = PBXGroup;
			children = (
				688C8E3B2BE9E59D0021BFEA /* SectionBar */,
				688C8E3A2BE9E5900021BFEA /* SectionBody */,
				6886FB722BE491C400007CD9 /* Article */,
				68CAF60D2BE63F5D00DD3E05 /* Web */,
			);
			path = Section;
			sourceTree = "<group>";
		};
		6886FB822BE4E05E00007CD9 /* ArticleMetadata */ = {
			isa = PBXGroup;
			children = (
				6886FB762BE4AA2700007CD9 /* ArticleMetadataView.swift */,
				6886FB842BE4E64900007CD9 /* ArticleMetadataViewModel.swift */,
			);
			path = ArticleMetadata;
			sourceTree = "<group>";
		};
		6886FB832BE4E06900007CD9 /* ArticleAuxiliaryData */ = {
			isa = PBXGroup;
			children = (
				6886FB742BE4A30300007CD9 /* ArticleAuxiliaryDataBar.swift */,
				6886FB872BE4E65B00007CD9 /* ArticleAuxiliaryDataViewModel.swift */,
			);
			path = ArticleAuxiliaryData;
			sourceTree = "<group>";
		};
		688C8E392BE9E3630021BFEA /* Splash */ = {
			isa = PBXGroup;
			children = (
				6894DC612BE1EFE2001B9484 /* BeatitudoMediaSplashView.swift */,
			);
			path = Splash;
			sourceTree = "<group>";
		};
		688C8E3A2BE9E5900021BFEA /* SectionBody */ = {
			isa = PBXGroup;
			children = (
				68F2311A2BE12A1D003A27B5 /* SectionView.swift */,
				688C8E372BE9E3280021BFEA /* SectionViewModel.swift */,
			);
			path = SectionBody;
			sourceTree = "<group>";
		};
		688C8E3B2BE9E59D0021BFEA /* SectionBar */ = {
			isa = PBXGroup;
			children = (
				68179A922BE2324F006F05C9 /* SectionBar.swift */,
				688C8E3D2BE9E5CF0021BFEA /* SectionBarViewModel.swift */,
			);
			path = SectionBar;
			sourceTree = "<group>";
		};
		68CAF60D2BE63F5D00DD3E05 /* Web */ = {
			isa = PBXGroup;
			children = (
				68CAF60E2BE63F8100DD3E05 /* WebView.swift */,
			);
			path = Web;
			sourceTree = "<group>";
		};
		68EB0E502BE3E2BA00DBA3C3 /* NetworkServices */ = {
			isa = PBXGroup;
			children = (
				68EB0E512BE3E2E300DBA3C3 /* APIServices.swift */,
			);
			path = NetworkServices;
			sourceTree = "<group>";
		};
		68F230E22BE1294C003A27B5 = {
			isa = PBXGroup;
			children = (
				68F230ED2BE1294C003A27B5 /* BeatitudoMedia */,
				68F230FE2BE1294E003A27B5 /* BeatitudoMediaTests */,
				68F231082BE1294E003A27B5 /* BeatitudoMediaUITests */,
				68F230EC2BE1294C003A27B5 /* Products */,
			);
			sourceTree = "<group>";
		};
		68F230EC2BE1294C003A27B5 /* Products */ = {
			isa = PBXGroup;
			children = (
				68F230EB2BE1294C003A27B5 /* BeatitudoMedia.app */,
				68F230FB2BE1294E003A27B5 /* BeatitudoMediaTests.xctest */,
				68F231052BE1294E003A27B5 /* BeatitudoMediaUITests.xctest */,
			);
			name = Products;
			sourceTree = "<group>";
		};
		68F230ED2BE1294C003A27B5 /* BeatitudoMedia */ = {
			isa = PBXGroup;
			children = (
				68EB0E502BE3E2BA00DBA3C3 /* NetworkServices */,
				6850A3CF2BE3343E007C4F56 /* Global */,
				68F231272BE1389A003A27B5 /* Models */,
				68F231182BE12A08003A27B5 /* Scenes */,
				68F230EE2BE1294C003A27B5 /* BeatitudoMediaApp.swift */,
				68F230F22BE1294E003A27B5 /* Assets.xcassets */,
				68F230F42BE1294E003A27B5 /* Preview Content */,
			);
			path = BeatitudoMedia;
			sourceTree = "<group>";
		};
		68F230F42BE1294E003A27B5 /* Preview Content */ = {
			isa = PBXGroup;
			children = (
				68F230F52BE1294E003A27B5 /* Preview Assets.xcassets */,
			);
			path = "Preview Content";
			sourceTree = "<group>";
		};
		68F230FE2BE1294E003A27B5 /* BeatitudoMediaTests */ = {
			isa = PBXGroup;
			children = (
				68F230FF2BE1294E003A27B5 /* BeatitudoMediaTests.swift */,
			);
			path = BeatitudoMediaTests;
			sourceTree = "<group>";
		};
		68F231082BE1294E003A27B5 /* BeatitudoMediaUITests */ = {
			isa = PBXGroup;
			children = (
				68F231092BE1294E003A27B5 /* BeatitudoMediaUITests.swift */,
				68F2310B2BE1294E003A27B5 /* BeatitudoMediaUITestsLaunchTests.swift */,
			);
			path = BeatitudoMediaUITests;
			sourceTree = "<group>";
		};
		68F231182BE12A08003A27B5 /* Scenes */ = {
			isa = PBXGroup;
			children = (
				688C8E392BE9E3630021BFEA /* Splash */,
				68F231192BE12A16003A27B5 /* Main */,
			);
			path = Scenes;
			sourceTree = "<group>";
		};
		68F231192BE12A16003A27B5 /* Main */ = {
			isa = PBXGroup;
			children = (
				68179A962BE23299006F05C9 /* BeatitudoMediaView.swift */,
				688C8E332BE9DC930021BFEA /* BeatitudoMediaViewModel.swift */,
				6886FB732BE491CB00007CD9 /* Section */,
			);
			path = Main;
			sourceTree = "<group>";
		};
		68F231272BE1389A003A27B5 /* Models */ = {
			isa = PBXGroup;
			children = (
				68F231282BE138A5003A27B5 /* Section.swift */,
				68A03C7F2BE3D95500459F2C /* Article.swift */,
				6886FB7E2BE4DEB000007CD9 /* ArticleMetadata.swift */,
				6886FB802BE4DEC600007CD9 /* ArticleAuxiliaryData.swift */,
				687340BF2BE9054C00D65B86 /* ArticleComment.swift */,
			);
			path = Models;
			sourceTree = "<group>";
		};
/* End PBXGroup section */

/* Begin PBXNativeTarget section */
		68F230EA2BE1294C003A27B5 /* BeatitudoMedia */ = {
			isa = PBXNativeTarget;
			buildConfigurationList = 68F2310F2BE1294E003A27B5 /* Build configuration list for PBXNativeTarget "BeatitudoMedia" */;
			buildPhases = (
				68F230E72BE1294C003A27B5 /* Sources */,
				68F230E82BE1294C003A27B5 /* Frameworks */,
				68F230E92BE1294C003A27B5 /* Resources */,
			);
			buildRules = (
			);
			dependencies = (
			);
			name = BeatitudoMedia;
			productName = BeatitudoMedia;
			productReference = 68F230EB2BE1294C003A27B5 /* BeatitudoMedia.app */;
			productType = "com.apple.product-type.application";
		};
		68F230FA2BE1294E003A27B5 /* BeatitudoMediaTests */ = {
			isa = PBXNativeTarget;
			buildConfigurationList = 68F231122BE1294E003A27B5 /* Build configuration list for PBXNativeTarget "BeatitudoMediaTests" */;
			buildPhases = (
				68F230F72BE1294E003A27B5 /* Sources */,
				68F230F82BE1294E003A27B5 /* Frameworks */,
				68F230F92BE1294E003A27B5 /* Resources */,
			);
			buildRules = (
			);
			dependencies = (
				68F230FD2BE1294E003A27B5 /* PBXTargetDependency */,
			);
			name = BeatitudoMediaTests;
			productName = BeatitudoMediaTests;
			productReference = 68F230FB2BE1294E003A27B5 /* BeatitudoMediaTests.xctest */;
			productType = "com.apple.product-type.bundle.unit-test";
		};
		68F231042BE1294E003A27B5 /* BeatitudoMediaUITests */ = {
			isa = PBXNativeTarget;
			buildConfigurationList = 68F231152BE1294E003A27B5 /* Build configuration list for PBXNativeTarget "BeatitudoMediaUITests" */;
			buildPhases = (
				68F231012BE1294E003A27B5 /* Sources */,
				68F231022BE1294E003A27B5 /* Frameworks */,
				68F231032BE1294E003A27B5 /* Resources */,
			);
			buildRules = (
			);
			dependencies = (
				68F231072BE1294E003A27B5 /* PBXTargetDependency */,
			);
			name = BeatitudoMediaUITests;
			productName = BeatitudoMediaUITests;
			productReference = 68F231052BE1294E003A27B5 /* BeatitudoMediaUITests.xctest */;
			productType = "com.apple.product-type.bundle.ui-testing";
		};
/* End PBXNativeTarget section */

/* Begin PBXProject section */
		68F230E32BE1294C003A27B5 /* Project object */ = {
			isa = PBXProject;
			attributes = {
				BuildIndependentTargetsInParallel = 1;
				LastSwiftUpdateCheck = 1530;
				LastUpgradeCheck = 1530;
				TargetAttributes = {
					68F230EA2BE1294C003A27B5 = {
						CreatedOnToolsVersion = 15.3;
					};
					68F230FA2BE1294E003A27B5 = {
						CreatedOnToolsVersion = 15.3;
						TestTargetID = 68F230EA2BE1294C003A27B5;
					};
					68F231042BE1294E003A27B5 = {
						CreatedOnToolsVersion = 15.3;
						TestTargetID = 68F230EA2BE1294C003A27B5;
					};
				};
			};
			buildConfigurationList = 68F230E62BE1294C003A27B5 /* Build configuration list for PBXProject "BeatitudoMedia" */;
			compatibilityVersion = "Xcode 14.0";
			developmentRegion = en;
			hasScannedForEncodings = 0;
			knownRegions = (
				en,
				Base,
			);
			mainGroup = 68F230E22BE1294C003A27B5;
			productRefGroup = 68F230EC2BE1294C003A27B5 /* Products */;
			projectDirPath = "";
			projectRoot = "";
			targets = (
				68F230EA2BE1294C003A27B5 /* BeatitudoMedia */,
				68F230FA2BE1294E003A27B5 /* BeatitudoMediaTests */,
				68F231042BE1294E003A27B5 /* BeatitudoMediaUITests */,
			);
		};
/* End PBXProject section */

/* Begin PBXResourcesBuildPhase section */
		68F230E92BE1294C003A27B5 /* Resources */ = {
			isa = PBXResourcesBuildPhase;
			buildActionMask = 2147483647;
			files = (
				68F230F62BE1294E003A27B5 /* Preview Assets.xcassets in Resources */,
				68F230F32BE1294E003A27B5 /* Assets.xcassets in Resources */,
			);
			runOnlyForDeploymentPostprocessing = 0;
		};
		68F230F92BE1294E003A27B5 /* Resources */ = {
			isa = PBXResourcesBuildPhase;
			buildActionMask = 2147483647;
			files = (
			);
			runOnlyForDeploymentPostprocessing = 0;
		};
		68F231032BE1294E003A27B5 /* Resources */ = {
			isa = PBXResourcesBuildPhase;
			buildActionMask = 2147483647;
			files = (
			);
			runOnlyForDeploymentPostprocessing = 0;
		};
/* End PBXResourcesBuildPhase section */

/* Begin PBXSourcesBuildPhase section */
		68F230E72BE1294C003A27B5 /* Sources */ = {
			isa = PBXSourcesBuildPhase;
			buildActionMask = 2147483647;
			files = (
				6886FB882BE4E65B00007CD9 /* ArticleAuxiliaryDataViewModel.swift in Sources */,
				6886FB752BE4A30300007CD9 /* ArticleAuxiliaryDataBar.swift in Sources */,
				6850A3D12BE33459007C4F56 /* GlobalAssets.swift in Sources */,
				6886FB7B2BE4CCBD00007CD9 /* ArticleViewModel.swift in Sources */,
				6886FB772BE4AA2700007CD9 /* ArticleMetadataView.swift in Sources */,
				6886FB7F2BE4DEB000007CD9 /* ArticleMetadata.swift in Sources */,
				688C8E382BE9E3280021BFEA /* SectionViewModel.swift in Sources */,
				68A03C802BE3D95500459F2C /* Article.swift in Sources */,
				688C8E3E2BE9E5CF0021BFEA /* SectionBarViewModel.swift in Sources */,
				68F231292BE138A5003A27B5 /* Section.swift in Sources */,
				68179A972BE23299006F05C9 /* BeatitudoMediaView.swift in Sources */,
				68EB0E522BE3E2E300DBA3C3 /* APIServices.swift in Sources */,
				687340C02BE9054C00D65B86 /* ArticleComment.swift in Sources */,
				6886FB852BE4E64900007CD9 /* ArticleMetadataViewModel.swift in Sources */,
				68F2311B2BE12A1D003A27B5 /* SectionView.swift in Sources */,
				688C8E342BE9DC930021BFEA /* BeatitudoMediaViewModel.swift in Sources */,
				68179A932BE2324F006F05C9 /* SectionBar.swift in Sources */,
				68CAF60F2BE63F8100DD3E05 /* WebView.swift in Sources */,
				6886FB812BE4DEC600007CD9 /* ArticleAuxiliaryData.swift in Sources */,
				68F230EF2BE1294C003A27B5 /* BeatitudoMediaApp.swift in Sources */,
				68EB0E4F2BE3DFA600DBA3C3 /* ArticleView.swift in Sources */,
				6894DC622BE1EFE2001B9484 /* BeatitudoMediaSplashView.swift in Sources */,
				6886FB7D2BE4DBF200007CD9 /* ArticleAPIServices.swift in Sources */,
			);
			runOnlyForDeploymentPostprocessing = 0;
		};
		68F230F72BE1294E003A27B5 /* Sources */ = {
			isa = PBXSourcesBuildPhase;
			buildActionMask = 2147483647;
			files = (
				68F231002BE1294E003A27B5 /* BeatitudoMediaTests.swift in Sources */,
			);
			runOnlyForDeploymentPostprocessing = 0;
		};
		68F231012BE1294E003A27B5 /* Sources */ = {
			isa = PBXSourcesBuildPhase;
			buildActionMask = 2147483647;
			files = (
				68F2310A2BE1294E003A27B5 /* BeatitudoMediaUITests.swift in Sources */,
				68F2310C2BE1294E003A27B5 /* BeatitudoMediaUITestsLaunchTests.swift in Sources */,
			);
			runOnlyForDeploymentPostprocessing = 0;
		};
/* End PBXSourcesBuildPhase section */

/* Begin PBXTargetDependency section */
		68F230FD2BE1294E003A27B5 /* PBXTargetDependency */ = {
			isa = PBXTargetDependency;
			target = 68F230EA2BE1294C003A27B5 /* BeatitudoMedia */;
			targetProxy = 68F230FC2BE1294E003A27B5 /* PBXContainerItemProxy */;
		};
		68F231072BE1294E003A27B5 /* PBXTargetDependency */ = {
			isa = PBXTargetDependency;
			target = 68F230EA2BE1294C003A27B5 /* BeatitudoMedia */;
			targetProxy = 68F231062BE1294E003A27B5 /* PBXContainerItemProxy */;
		};
/* End PBXTargetDependency section */

/* Begin XCBuildConfiguration section */
		68F2310D2BE1294E003A27B5 /* Debug */ = {
			isa = XCBuildConfiguration;
			buildSettings = {
				ALWAYS_SEARCH_USER_PATHS = NO;
				ASSETCATALOG_COMPILER_GENERATE_SWIFT_ASSET_SYMBOL_EXTENSIONS = YES;
				CLANG_ANALYZER_NONNULL = YES;
				CLANG_ANALYZER_NUMBER_OBJECT_CONVERSION = YES_AGGRESSIVE;
				CLANG_CXX_LANGUAGE_STANDARD = "gnu++20";
				CLANG_ENABLE_MODULES = YES;
				CLANG_ENABLE_OBJC_ARC = YES;
				CLANG_ENABLE_OBJC_WEAK = YES;
				CLANG_WARN_BLOCK_CAPTURE_AUTORELEASING = YES;
				CLANG_WARN_BOOL_CONVERSION = YES;
				CLANG_WARN_COMMA = YES;
				CLANG_WARN_CONSTANT_CONVERSION = YES;
				CLANG_WARN_DEPRECATED_OBJC_IMPLEMENTATIONS = YES;
				CLANG_WARN_DIRECT_OBJC_ISA_USAGE = YES_ERROR;
				CLANG_WARN_DOCUMENTATION_COMMENTS = YES;
				CLANG_WARN_EMPTY_BODY = YES;
				CLANG_WARN_ENUM_CONVERSION = YES;
				CLANG_WARN_INFINITE_RECURSION = YES;
				CLANG_WARN_INT_CONVERSION = YES;
				CLANG_WARN_NON_LITERAL_NULL_CONVERSION = YES;
				CLANG_WARN_OBJC_IMPLICIT_RETAIN_SELF = YES;
				CLANG_WARN_OBJC_LITERAL_CONVERSION = YES;
				CLANG_WARN_OBJC_ROOT_CLASS = YES_ERROR;
				CLANG_WARN_QUOTED_INCLUDE_IN_FRAMEWORK_HEADER = YES;
				CLANG_WARN_RANGE_LOOP_ANALYSIS = YES;
				CLANG_WARN_STRICT_PROTOTYPES = YES;
				CLANG_WARN_SUSPICIOUS_MOVE = YES;
				CLANG_WARN_UNGUARDED_AVAILABILITY = YES_AGGRESSIVE;
				CLANG_WARN_UNREACHABLE_CODE = YES;
				CLANG_WARN__DUPLICATE_METHOD_MATCH = YES;
				COPY_PHASE_STRIP = NO;
				DEBUG_INFORMATION_FORMAT = dwarf;
				ENABLE_STRICT_OBJC_MSGSEND = YES;
				ENABLE_TESTABILITY = YES;
				ENABLE_USER_SCRIPT_SANDBOXING = YES;
				GCC_C_LANGUAGE_STANDARD = gnu17;
				GCC_DYNAMIC_NO_PIC = NO;
				GCC_NO_COMMON_BLOCKS = YES;
				GCC_OPTIMIZATION_LEVEL = 0;
				GCC_PREPROCESSOR_DEFINITIONS = (
					"DEBUG=1",
					"$(inherited)",
				);
				GCC_WARN_64_TO_32_BIT_CONVERSION = YES;
				GCC_WARN_ABOUT_RETURN_TYPE = YES_ERROR;
				GCC_WARN_UNDECLARED_SELECTOR = YES;
				GCC_WARN_UNINITIALIZED_AUTOS = YES_AGGRESSIVE;
				GCC_WARN_UNUSED_FUNCTION = YES;
				GCC_WARN_UNUSED_VARIABLE = YES;
				IPHONEOS_DEPLOYMENT_TARGET = 17.4;
				LOCALIZATION_PREFERS_STRING_CATALOGS = YES;
				MTL_ENABLE_DEBUG_INFO = INCLUDE_SOURCE;
				MTL_FAST_MATH = YES;
				ONLY_ACTIVE_ARCH = YES;
				SDKROOT = iphoneos;
				SWIFT_ACTIVE_COMPILATION_CONDITIONS = "DEBUG $(inherited)";
				SWIFT_OPTIMIZATION_LEVEL = "-Onone";
			};
			name = Debug;
		};
		68F2310E2BE1294E003A27B5 /* Release */ = {
			isa = XCBuildConfiguration;
			buildSettings = {
				ALWAYS_SEARCH_USER_PATHS = NO;
				ASSETCATALOG_COMPILER_GENERATE_SWIFT_ASSET_SYMBOL_EXTENSIONS = YES;
				CLANG_ANALYZER_NONNULL = YES;
				CLANG_ANALYZER_NUMBER_OBJECT_CONVERSION = YES_AGGRESSIVE;
				CLANG_CXX_LANGUAGE_STANDARD = "gnu++20";
				CLANG_ENABLE_MODULES = YES;
				CLANG_ENABLE_OBJC_ARC = YES;
				CLANG_ENABLE_OBJC_WEAK = YES;
				CLANG_WARN_BLOCK_CAPTURE_AUTORELEASING = YES;
				CLANG_WARN_BOOL_CONVERSION = YES;
				CLANG_WARN_COMMA = YES;
				CLANG_WARN_CONSTANT_CONVERSION = YES;
				CLANG_WARN_DEPRECATED_OBJC_IMPLEMENTATIONS = YES;
				CLANG_WARN_DIRECT_OBJC_ISA_USAGE = YES_ERROR;
				CLANG_WARN_DOCUMENTATION_COMMENTS = YES;
				CLANG_WARN_EMPTY_BODY = YES;
				CLANG_WARN_ENUM_CONVERSION = YES;
				CLANG_WARN_INFINITE_RECURSION = YES;
				CLANG_WARN_INT_CONVERSION = YES;
				CLANG_WARN_NON_LITERAL_NULL_CONVERSION = YES;
				CLANG_WARN_OBJC_IMPLICIT_RETAIN_SELF = YES;
				CLANG_WARN_OBJC_LITERAL_CONVERSION = YES;
				CLANG_WARN_OBJC_ROOT_CLASS = YES_ERROR;
				CLANG_WARN_QUOTED_INCLUDE_IN_FRAMEWORK_HEADER = YES;
				CLANG_WARN_RANGE_LOOP_ANALYSIS = YES;
				CLANG_WARN_STRICT_PROTOTYPES = YES;
				CLANG_WARN_SUSPICIOUS_MOVE = YES;
				CLANG_WARN_UNGUARDED_AVAILABILITY = YES_AGGRESSIVE;
				CLANG_WARN_UNREACHABLE_CODE = YES;
				CLANG_WARN__DUPLICATE_METHOD_MATCH = YES;
				COPY_PHASE_STRIP = NO;
				DEBUG_INFORMATION_FORMAT = "dwarf-with-dsym";
				ENABLE_NS_ASSERTIONS = NO;
				ENABLE_STRICT_OBJC_MSGSEND = YES;
				ENABLE_USER_SCRIPT_SANDBOXING = YES;
				GCC_C_LANGUAGE_STANDARD = gnu17;
				GCC_NO_COMMON_BLOCKS = YES;
				GCC_WARN_64_TO_32_BIT_CONVERSION = YES;
				GCC_WARN_ABOUT_RETURN_TYPE = YES_ERROR;
				GCC_WARN_UNDECLARED_SELECTOR = YES;
				GCC_WARN_UNINITIALIZED_AUTOS = YES_AGGRESSIVE;
				GCC_WARN_UNUSED_FUNCTION = YES;
				GCC_WARN_UNUSED_VARIABLE = YES;
				IPHONEOS_DEPLOYMENT_TARGET = 17.4;
				LOCALIZATION_PREFERS_STRING_CATALOGS = YES;
				MTL_ENABLE_DEBUG_INFO = NO;
				MTL_FAST_MATH = YES;
				SDKROOT = iphoneos;
				SWIFT_COMPILATION_MODE = wholemodule;
				VALIDATE_PRODUCT = YES;
			};
			name = Release;
		};
		68F231102BE1294E003A27B5 /* Debug */ = {
			isa = XCBuildConfiguration;
			buildSettings = {
				ASSETCATALOG_COMPILER_APPICON_NAME = AppIcon;
				ASSETCATALOG_COMPILER_GLOBAL_ACCENT_COLOR_NAME = AccentColor;
				CODE_SIGN_STYLE = Automatic;
				CURRENT_PROJECT_VERSION = 1;
				DEVELOPMENT_ASSET_PATHS = "\"BeatitudoMedia/Preview Content\"";
				DEVELOPMENT_TEAM = VFFLWU58JC;
				ENABLE_PREVIEWS = YES;
				GENERATE_INFOPLIST_FILE = YES;
				INFOPLIST_KEY_UIApplicationSceneManifest_Generation = YES;
				INFOPLIST_KEY_UIApplicationSupportsIndirectInputEvents = YES;
				INFOPLIST_KEY_UILaunchScreen_Generation = YES;
				INFOPLIST_KEY_UIRequiresFullScreen = YES;
				INFOPLIST_KEY_UIStatusBarStyle = "";
				INFOPLIST_KEY_UISupportedInterfaceOrientations = UIInterfaceOrientationPortrait;
				INFOPLIST_KEY_UISupportedInterfaceOrientations_iPad = "UIInterfaceOrientationPortrait UIInterfaceOrientationPortraitUpsideDown";
				LD_RUNPATH_SEARCH_PATHS = (
					"$(inherited)",
					"@executable_path/Frameworks",
				);
				MARKETING_VERSION = 1.0;
				PRODUCT_BUNDLE_IDENTIFIER = com.BeatitudoMedia;
				PRODUCT_NAME = "$(TARGET_NAME)";
				SWIFT_EMIT_LOC_STRINGS = YES;
				SWIFT_VERSION = 5.0;
				TARGETED_DEVICE_FAMILY = "1,2";
			};
			name = Debug;
		};
		68F231112BE1294E003A27B5 /* Release */ = {
			isa = XCBuildConfiguration;
			buildSettings = {
				ASSETCATALOG_COMPILER_APPICON_NAME = AppIcon;
				ASSETCATALOG_COMPILER_GLOBAL_ACCENT_COLOR_NAME = AccentColor;
				CODE_SIGN_STYLE = Automatic;
				CURRENT_PROJECT_VERSION = 1;
				DEVELOPMENT_ASSET_PATHS = "\"BeatitudoMedia/Preview Content\"";
				DEVELOPMENT_TEAM = VFFLWU58JC;
				ENABLE_PREVIEWS = YES;
				GENERATE_INFOPLIST_FILE = YES;
				INFOPLIST_KEY_UIApplicationSceneManifest_Generation = YES;
				INFOPLIST_KEY_UIApplicationSupportsIndirectInputEvents = YES;
				INFOPLIST_KEY_UILaunchScreen_Generation = YES;
				INFOPLIST_KEY_UIRequiresFullScreen = YES;
				INFOPLIST_KEY_UIStatusBarStyle = "";
				INFOPLIST_KEY_UISupportedInterfaceOrientations = UIInterfaceOrientationPortrait;
				INFOPLIST_KEY_UISupportedInterfaceOrientations_iPad = "UIInterfaceOrientationPortrait UIInterfaceOrientationPortraitUpsideDown";
				LD_RUNPATH_SEARCH_PATHS = (
					"$(inherited)",
					"@executable_path/Frameworks",
				);
				MARKETING_VERSION = 1.0;
				PRODUCT_BUNDLE_IDENTIFIER = com.BeatitudoMedia;
				PRODUCT_NAME = "$(TARGET_NAME)";
				SWIFT_EMIT_LOC_STRINGS = YES;
				SWIFT_VERSION = 5.0;
				TARGETED_DEVICE_FAMILY = "1,2";
			};
			name = Release;
		};
		68F231132BE1294E003A27B5 /* Debug */ = {
			isa = XCBuildConfiguration;
			buildSettings = {
				ALWAYS_EMBED_SWIFT_STANDARD_LIBRARIES = YES;
				BUNDLE_LOADER = "$(TEST_HOST)";
				CODE_SIGN_STYLE = Automatic;
				CURRENT_PROJECT_VERSION = 1;
				DEVELOPMENT_TEAM = VFFLWU58JC;
				GENERATE_INFOPLIST_FILE = YES;
				IPHONEOS_DEPLOYMENT_TARGET = 17.4;
				MARKETING_VERSION = 1.0;
				PRODUCT_BUNDLE_IDENTIFIER = com.BeatitudoMediaTests;
				PRODUCT_NAME = "$(TARGET_NAME)";
				SWIFT_EMIT_LOC_STRINGS = NO;
				SWIFT_VERSION = 5.0;
				TARGETED_DEVICE_FAMILY = "1,2";
				TEST_HOST = "$(BUILT_PRODUCTS_DIR)/BeatitudoMedia.app/$(BUNDLE_EXECUTABLE_FOLDER_PATH)/BeatitudoMedia";
			};
			name = Debug;
		};
		68F231142BE1294E003A27B5 /* Release */ = {
			isa = XCBuildConfiguration;
			buildSettings = {
				ALWAYS_EMBED_SWIFT_STANDARD_LIBRARIES = YES;
				BUNDLE_LOADER = "$(TEST_HOST)";
				CODE_SIGN_STYLE = Automatic;
				CURRENT_PROJECT_VERSION = 1;
				DEVELOPMENT_TEAM = VFFLWU58JC;
				GENERATE_INFOPLIST_FILE = YES;
				IPHONEOS_DEPLOYMENT_TARGET = 17.4;
				MARKETING_VERSION = 1.0;
				PRODUCT_BUNDLE_IDENTIFIER = com.BeatitudoMediaTests;
				PRODUCT_NAME = "$(TARGET_NAME)";
				SWIFT_EMIT_LOC_STRINGS = NO;
				SWIFT_VERSION = 5.0;
				TARGETED_DEVICE_FAMILY = "1,2";
				TEST_HOST = "$(BUILT_PRODUCTS_DIR)/BeatitudoMedia.app/$(BUNDLE_EXECUTABLE_FOLDER_PATH)/BeatitudoMedia";
			};
			name = Release;
		};
		68F231162BE1294E003A27B5 /* Debug */ = {
			isa = XCBuildConfiguration;
			buildSettings = {
				ALWAYS_EMBED_SWIFT_STANDARD_LIBRARIES = YES;
				CODE_SIGN_STYLE = Automatic;
				CURRENT_PROJECT_VERSION = 1;
				DEVELOPMENT_TEAM = VFFLWU58JC;
				GENERATE_INFOPLIST_FILE = YES;
				MARKETING_VERSION = 1.0;
				PRODUCT_BUNDLE_IDENTIFIER = com.BeatitudoMediaUITests;
				PRODUCT_NAME = "$(TARGET_NAME)";
				SWIFT_EMIT_LOC_STRINGS = NO;
				SWIFT_VERSION = 5.0;
				TARGETED_DEVICE_FAMILY = "1,2";
				TEST_TARGET_NAME = BeatitudoMedia;
			};
			name = Debug;
		};
		68F231172BE1294E003A27B5 /* Release */ = {
			isa = XCBuildConfiguration;
			buildSettings = {
				ALWAYS_EMBED_SWIFT_STANDARD_LIBRARIES = YES;
				CODE_SIGN_STYLE = Automatic;
				CURRENT_PROJECT_VERSION = 1;
				DEVELOPMENT_TEAM = VFFLWU58JC;
				GENERATE_INFOPLIST_FILE = YES;
				MARKETING_VERSION = 1.0;
				PRODUCT_BUNDLE_IDENTIFIER = com.BeatitudoMediaUITests;
				PRODUCT_NAME = "$(TARGET_NAME)";
				SWIFT_EMIT_LOC_STRINGS = NO;
				SWIFT_VERSION = 5.0;
				TARGETED_DEVICE_FAMILY = "1,2";
				TEST_TARGET_NAME = BeatitudoMedia;
			};
			name = Release;
		};
/* End XCBuildConfiguration section */

/* Begin XCConfigurationList section */
		68F230E62BE1294C003A27B5 /* Build configuration list for PBXProject "BeatitudoMedia" */ = {
			isa = XCConfigurationList;
			buildConfigurations = (
				68F2310D2BE1294E003A27B5 /* Debug */,
				68F2310E2BE1294E003A27B5 /* Release */,
			);
			defaultConfigurationIsVisible = 0;
			defaultConfigurationName = Release;
		};
		68F2310F2BE1294E003A27B5 /* Build configuration list for PBXNativeTarget "BeatitudoMedia" */ = {
			isa = XCConfigurationList;
			buildConfigurations = (
				68F231102BE1294E003A27B5 /* Debug */,
				68F231112BE1294E003A27B5 /* Release */,
			);
			defaultConfigurationIsVisible = 0;
			defaultConfigurationName = Release;
		};
		68F231122BE1294E003A27B5 /* Build configuration list for PBXNativeTarget "BeatitudoMediaTests" */ = {
			isa = XCConfigurationList;
			buildConfigurations = (
				68F231132BE1294E003A27B5 /* Debug */,
				68F231142BE1294E003A27B5 /* Release */,
			);
			defaultConfigurationIsVisible = 0;
			defaultConfigurationName = Release;
		};
		68F231152BE1294E003A27B5 /* Build configuration list for PBXNativeTarget "BeatitudoMediaUITests" */ = {
			isa = XCConfigurationList;
			buildConfigurations = (
				68F231162BE1294E003A27B5 /* Debug */,
				68F231172BE1294E003A27B5 /* Release */,
			);
			defaultConfigurationIsVisible = 0;
			defaultConfigurationName = Release;
		};
/* End XCConfigurationList section */
	};
	rootObject = 68F230E32BE1294C003A27B5 /* Project object */;
}
